
Microsoft Visual Studio Solution File, Format Version 12.00
# Visual Studio Version 17
VisualStudioVersion = 17.2.32616.157
MinimumVisualStudioVersion = 10.0.40219.1
Project("{FAE04EC0-301F-11D3-BF4B-00C04F79EFBC}") = "1009_sálarioComBônus_uri", "1009_sálarioComBônus_uri\1009_sálarioComBônus_uri.csproj", "{6571831D-EB60-400A-A5DF-DAF7B068A3CC}"
EndProject
Global
	GlobalSection(SolutionConfigurationPlatforms) = preSolution
		Debug|Any CPU = Debug|Any CPU
		Release|Any CPU = Release|Any CPU
	EndGlobalSection
	GlobalSection(ProjectConfigurationPlatforms) = postSolution
		{6571831D-EB60-400A-A5DF-DAF7B068A3CC}.Debug|Any CPU.ActiveCfg = Debug|Any CPU
		{6571831D-EB60-400A-A5DF-DAF7B068A3CC}.Debug|Any CPU.Build.0 = Debug|Any CPU
		{6571831D-EB60-400A-A5DF-DAF7B068A3CC}.Release|Any CPU.ActiveCfg = Release|Any CPU
		{6571831D-EB60-400A-A5DF-DAF7B068A3CC}.Release|Any CPU.Build.0 = Release|Any CPU
	EndGlobalSection
	GlobalSection(SolutionProperties) = preSolution
		HideSolutionNode = FALSE
	EndGlobalSection
	GlobalSection(ExtensibilityGlobals) = postSolution
		SolutionGuid = {20503958-D619-49C2-8C89-33FCD36B1160}
	EndGlobalSection
EndGlobal
