
Microsoft Visual Studio Solution File, Format Version 12.00
# Visual Studio Version 17
VisualStudioVersion = 17.3.32819.101
MinimumVisualStudioVersion = 10.0.40219.1
Project("{FAE04EC0-301F-11D3-BF4B-00C04F79EFBC}") = "1072_IntervaloII_uri", "1072_IntervaloII_uri\1072_IntervaloII_uri.csproj", "{78783953-5A4E-43F9-91A9-333AF1E3B163}"
EndProject
Global
	GlobalSection(SolutionConfigurationPlatforms) = preSolution
		Debug|Any CPU = Debug|Any CPU
		Release|Any CPU = Release|Any CPU
	EndGlobalSection
	GlobalSection(ProjectConfigurationPlatforms) = postSolution
		{78783953-5A4E-43F9-91A9-333AF1E3B163}.Debug|Any CPU.ActiveCfg = Debug|Any CPU
		{78783953-5A4E-43F9-91A9-333AF1E3B163}.Debug|Any CPU.Build.0 = Debug|Any CPU
		{78783953-5A4E-43F9-91A9-333AF1E3B163}.Release|Any CPU.ActiveCfg = Release|Any CPU
		{78783953-5A4E-43F9-91A9-333AF1E3B163}.Release|Any CPU.Build.0 = Release|Any CPU
	EndGlobalSection
	GlobalSection(SolutionProperties) = preSolution
		HideSolutionNode = FALSE
	EndGlobalSection
	GlobalSection(ExtensibilityGlobals) = postSolution
		SolutionGuid = {22F7678A-8808-4792-B92D-7D450F1A2EFB}
	EndGlobalSection
EndGlobal
