
Microsoft Visual Studio Solution File, Format Version 12.00
# Visual Studio Version 17
VisualStudioVersion = 17.2.32630.192
MinimumVisualStudioVersion = 10.0.40219.1
Project("{FAE04EC0-301F-11D3-BF4B-00C04F79EFBC}") = "1043_triângulo_uri", "1043_triângulo_uri\1043_triângulo_uri.csproj", "{4446E6FC-D342-4A32-8EF5-54AE43DD9A7D}"
EndProject
Global
	GlobalSection(SolutionConfigurationPlatforms) = preSolution
		Debug|Any CPU = Debug|Any CPU
		Release|Any CPU = Release|Any CPU
	EndGlobalSection
	GlobalSection(ProjectConfigurationPlatforms) = postSolution
		{4446E6FC-D342-4A32-8EF5-54AE43DD9A7D}.Debug|Any CPU.ActiveCfg = Debug|Any CPU
		{4446E6FC-D342-4A32-8EF5-54AE43DD9A7D}.Debug|Any CPU.Build.0 = Debug|Any CPU
		{4446E6FC-D342-4A32-8EF5-54AE43DD9A7D}.Release|Any CPU.ActiveCfg = Release|Any CPU
		{4446E6FC-D342-4A32-8EF5-54AE43DD9A7D}.Release|Any CPU.Build.0 = Release|Any CPU
	EndGlobalSection
	GlobalSection(SolutionProperties) = preSolution
		HideSolutionNode = FALSE
	EndGlobalSection
	GlobalSection(ExtensibilityGlobals) = postSolution
		SolutionGuid = {F6F170CB-57DB-4415-B8AD-814E4715F859}
	EndGlobalSection
EndGlobal
