
Microsoft Visual Studio Solution File, Format Version 12.00
# Visual Studio Version 17
VisualStudioVersion = 17.2.32616.157
MinimumVisualStudioVersion = 10.0.40219.1
Project("{FAE04EC0-301F-11D3-BF4B-00C04F79EFBC}") = "1006_media_2_uri", "1006_media_2_uri\1006_media_2_uri.csproj", "{87920EDC-5CE5-4896-B8D5-99C53DB6A858}"
EndProject
Global
	GlobalSection(SolutionConfigurationPlatforms) = preSolution
		Debug|Any CPU = Debug|Any CPU
		Release|Any CPU = Release|Any CPU
	EndGlobalSection
	GlobalSection(ProjectConfigurationPlatforms) = postSolution
		{87920EDC-5CE5-4896-B8D5-99C53DB6A858}.Debug|Any CPU.ActiveCfg = Debug|Any CPU
		{87920EDC-5CE5-4896-B8D5-99C53DB6A858}.Debug|Any CPU.Build.0 = Debug|Any CPU
		{87920EDC-5CE5-4896-B8D5-99C53DB6A858}.Release|Any CPU.ActiveCfg = Release|Any CPU
		{87920EDC-5CE5-4896-B8D5-99C53DB6A858}.Release|Any CPU.Build.0 = Release|Any CPU
	EndGlobalSection
	GlobalSection(SolutionProperties) = preSolution
		HideSolutionNode = FALSE
	EndGlobalSection
	GlobalSection(ExtensibilityGlobals) = postSolution
		SolutionGuid = {93BF2281-4B38-4D3C-B828-EBDDAB14C5B7}
	EndGlobalSection
EndGlobal
