
Microsoft Visual Studio Solution File, Format Version 12.00
# Visual Studio Version 17
VisualStudioVersion = 17.2.32616.157
MinimumVisualStudioVersion = 10.0.40219.1
Project("{FAE04EC0-301F-11D3-BF4B-00C04F79EFBC}") = "1036_FormulaDeBhaskara_uri", "1036_FormulaDeBhaskara_uri\1036_FormulaDeBhaskara_uri.csproj", "{DC2111AA-B8BD-425A-970A-985DFF7B7C79}"
EndProject
Global
	GlobalSection(SolutionConfigurationPlatforms) = preSolution
		Debug|Any CPU = Debug|Any CPU
		Release|Any CPU = Release|Any CPU
	EndGlobalSection
	GlobalSection(ProjectConfigurationPlatforms) = postSolution
		{DC2111AA-B8BD-425A-970A-985DFF7B7C79}.Debug|Any CPU.ActiveCfg = Debug|Any CPU
		{DC2111AA-B8BD-425A-970A-985DFF7B7C79}.Debug|Any CPU.Build.0 = Debug|Any CPU
		{DC2111AA-B8BD-425A-970A-985DFF7B7C79}.Release|Any CPU.ActiveCfg = Release|Any CPU
		{DC2111AA-B8BD-425A-970A-985DFF7B7C79}.Release|Any CPU.Build.0 = Release|Any CPU
	EndGlobalSection
	GlobalSection(SolutionProperties) = preSolution
		HideSolutionNode = FALSE
	EndGlobalSection
	GlobalSection(ExtensibilityGlobals) = postSolution
		SolutionGuid = {7D8F4ECA-F4D9-4115-AC55-7AE9DC098465}
	EndGlobalSection
EndGlobal
