
Microsoft Visual Studio Solution File, Format Version 12.00
# Visual Studio Version 17
VisualStudioVersion = 17.2.32616.157
MinimumVisualStudioVersion = 10.0.40219.1
Project("{FAE04EC0-301F-11D3-BF4B-00C04F79EFBC}") = "1001_extremamenteBasico_uri", "1001_extremamenteBasico_uri\1001_extremamenteBasico_uri.csproj", "{1211789E-EBA9-4E4B-B88A-1E3C19C4BFC6}"
EndProject
Global
	GlobalSection(SolutionConfigurationPlatforms) = preSolution
		Debug|Any CPU = Debug|Any CPU
		Release|Any CPU = Release|Any CPU
	EndGlobalSection
	GlobalSection(ProjectConfigurationPlatforms) = postSolution
		{1211789E-EBA9-4E4B-B88A-1E3C19C4BFC6}.Debug|Any CPU.ActiveCfg = Debug|Any CPU
		{1211789E-EBA9-4E4B-B88A-1E3C19C4BFC6}.Debug|Any CPU.Build.0 = Debug|Any CPU
		{1211789E-EBA9-4E4B-B88A-1E3C19C4BFC6}.Release|Any CPU.ActiveCfg = Release|Any CPU
		{1211789E-EBA9-4E4B-B88A-1E3C19C4BFC6}.Release|Any CPU.Build.0 = Release|Any CPU
	EndGlobalSection
	GlobalSection(SolutionProperties) = preSolution
		HideSolutionNode = FALSE
	EndGlobalSection
	GlobalSection(ExtensibilityGlobals) = postSolution
		SolutionGuid = {10D00F89-8601-429F-B8D3-40640E5F4168}
	EndGlobalSection
EndGlobal
