
Microsoft Visual Studio Solution File, Format Version 12.00
# Visual Studio Version 17
VisualStudioVersion = 17.3.32819.101
MinimumVisualStudioVersion = 10.0.40219.1
Project("{FAE04EC0-301F-11D3-BF4B-00C04F79EFBC}") = "1073_quadradoDePares_uri", "1073_quadradoDePares_uri\1073_quadradoDePares_uri.csproj", "{9771C3DC-F4C7-4477-B6BF-F57E53D02AEE}"
EndProject
Global
	GlobalSection(SolutionConfigurationPlatforms) = preSolution
		Debug|Any CPU = Debug|Any CPU
		Release|Any CPU = Release|Any CPU
	EndGlobalSection
	GlobalSection(ProjectConfigurationPlatforms) = postSolution
		{9771C3DC-F4C7-4477-B6BF-F57E53D02AEE}.Debug|Any CPU.ActiveCfg = Debug|Any CPU
		{9771C3DC-F4C7-4477-B6BF-F57E53D02AEE}.Debug|Any CPU.Build.0 = Debug|Any CPU
		{9771C3DC-F4C7-4477-B6BF-F57E53D02AEE}.Release|Any CPU.ActiveCfg = Release|Any CPU
		{9771C3DC-F4C7-4477-B6BF-F57E53D02AEE}.Release|Any CPU.Build.0 = Release|Any CPU
	EndGlobalSection
	GlobalSection(SolutionProperties) = preSolution
		HideSolutionNode = FALSE
	EndGlobalSection
	GlobalSection(ExtensibilityGlobals) = postSolution
		SolutionGuid = {41401E2A-FB2B-4855-BEC8-5459C7014C74}
	EndGlobalSection
EndGlobal
