
Microsoft Visual Studio Solution File, Format Version 12.00
# Visual Studio Version 17
VisualStudioVersion = 17.2.32616.157
MinimumVisualStudioVersion = 10.0.40219.1
Project("{FAE04EC0-301F-11D3-BF4B-00C04F79EFBC}") = "1020_idadeEmDias_uri", "1020_idadeEmDias_uri\1020_idadeEmDias_uri.csproj", "{19FEBB63-5505-499D-A35B-B8E8C55A77C0}"
EndProject
Global
	GlobalSection(SolutionConfigurationPlatforms) = preSolution
		Debug|Any CPU = Debug|Any CPU
		Release|Any CPU = Release|Any CPU
	EndGlobalSection
	GlobalSection(ProjectConfigurationPlatforms) = postSolution
		{19FEBB63-5505-499D-A35B-B8E8C55A77C0}.Debug|Any CPU.ActiveCfg = Debug|Any CPU
		{19FEBB63-5505-499D-A35B-B8E8C55A77C0}.Debug|Any CPU.Build.0 = Debug|Any CPU
		{19FEBB63-5505-499D-A35B-B8E8C55A77C0}.Release|Any CPU.ActiveCfg = Release|Any CPU
		{19FEBB63-5505-499D-A35B-B8E8C55A77C0}.Release|Any CPU.Build.0 = Release|Any CPU
	EndGlobalSection
	GlobalSection(SolutionProperties) = preSolution
		HideSolutionNode = FALSE
	EndGlobalSection
	GlobalSection(ExtensibilityGlobals) = postSolution
		SolutionGuid = {131B06F4-E6A4-43AF-9A21-15A2289F7D2D}
	EndGlobalSection
EndGlobal
