
Microsoft Visual Studio Solution File, Format Version 12.00
# Visual Studio Version 17
VisualStudioVersion = 17.2.32616.157
MinimumVisualStudioVersion = 10.0.40219.1
Project("{FAE04EC0-301F-11D3-BF4B-00C04F79EFBC}") = "1007_diferença_uri", "1007_diferença_uri\1007_diferença_uri.csproj", "{890C1121-AAB3-4C97-A37B-402582FCF9CA}"
EndProject
Global
	GlobalSection(SolutionConfigurationPlatforms) = preSolution
		Debug|Any CPU = Debug|Any CPU
		Release|Any CPU = Release|Any CPU
	EndGlobalSection
	GlobalSection(ProjectConfigurationPlatforms) = postSolution
		{890C1121-AAB3-4C97-A37B-402582FCF9CA}.Debug|Any CPU.ActiveCfg = Debug|Any CPU
		{890C1121-AAB3-4C97-A37B-402582FCF9CA}.Debug|Any CPU.Build.0 = Debug|Any CPU
		{890C1121-AAB3-4C97-A37B-402582FCF9CA}.Release|Any CPU.ActiveCfg = Release|Any CPU
		{890C1121-AAB3-4C97-A37B-402582FCF9CA}.Release|Any CPU.Build.0 = Release|Any CPU
	EndGlobalSection
	GlobalSection(SolutionProperties) = preSolution
		HideSolutionNode = FALSE
	EndGlobalSection
	GlobalSection(ExtensibilityGlobals) = postSolution
		SolutionGuid = {3FD6B5A1-DAD3-417D-9AB2-2C3D19A84239}
	EndGlobalSection
EndGlobal
