
Microsoft Visual Studio Solution File, Format Version 12.00
# Visual Studio Version 17
VisualStudioVersion = 17.2.32616.157
MinimumVisualStudioVersion = 10.0.40219.1
Project("{FAE04EC0-301F-11D3-BF4B-00C04F79EFBC}") = "exercicio1003_uri", "exercicio1003_uri\exercicio1003_uri.csproj", "{A887C1B1-9BD2-47EE-974B-C14274FDA893}"
EndProject
Global
	GlobalSection(SolutionConfigurationPlatforms) = preSolution
		Debug|Any CPU = Debug|Any CPU
		Release|Any CPU = Release|Any CPU
	EndGlobalSection
	GlobalSection(ProjectConfigurationPlatforms) = postSolution
		{A887C1B1-9BD2-47EE-974B-C14274FDA893}.Debug|Any CPU.ActiveCfg = Debug|Any CPU
		{A887C1B1-9BD2-47EE-974B-C14274FDA893}.Debug|Any CPU.Build.0 = Debug|Any CPU
		{A887C1B1-9BD2-47EE-974B-C14274FDA893}.Release|Any CPU.ActiveCfg = Release|Any CPU
		{A887C1B1-9BD2-47EE-974B-C14274FDA893}.Release|Any CPU.Build.0 = Release|Any CPU
	EndGlobalSection
	GlobalSection(SolutionProperties) = preSolution
		HideSolutionNode = FALSE
	EndGlobalSection
	GlobalSection(ExtensibilityGlobals) = postSolution
		SolutionGuid = {B105C11C-A81F-4937-854D-A976075D4213}
	EndGlobalSection
EndGlobal
