
Microsoft Visual Studio Solution File, Format Version 12.00
# Visual Studio Version 17
VisualStudioVersion = 17.2.32616.157
MinimumVisualStudioVersion = 10.0.40219.1
Project("{FAE04EC0-301F-11D3-BF4B-00C04F79EFBC}") = "1042_menorParaOMaiorExtra_uri", "1042_menorParaOMaiorExtra_uri\1042_menorParaOMaiorExtra_uri.csproj", "{BCE27E89-CA06-4824-8452-E3C5708B9FE3}"
EndProject
Global
	GlobalSection(SolutionConfigurationPlatforms) = preSolution
		Debug|Any CPU = Debug|Any CPU
		Release|Any CPU = Release|Any CPU
	EndGlobalSection
	GlobalSection(ProjectConfigurationPlatforms) = postSolution
		{BCE27E89-CA06-4824-8452-E3C5708B9FE3}.Debug|Any CPU.ActiveCfg = Debug|Any CPU
		{BCE27E89-CA06-4824-8452-E3C5708B9FE3}.Debug|Any CPU.Build.0 = Debug|Any CPU
		{BCE27E89-CA06-4824-8452-E3C5708B9FE3}.Release|Any CPU.ActiveCfg = Release|Any CPU
		{BCE27E89-CA06-4824-8452-E3C5708B9FE3}.Release|Any CPU.Build.0 = Release|Any CPU
	EndGlobalSection
	GlobalSection(SolutionProperties) = preSolution
		HideSolutionNode = FALSE
	EndGlobalSection
	GlobalSection(ExtensibilityGlobals) = postSolution
		SolutionGuid = {74B843C4-DC75-4CF9-912D-6EA17C1A9FB6}
	EndGlobalSection
EndGlobal
