
Microsoft Visual Studio Solution File, Format Version 12.00
# Visual Studio Version 17
VisualStudioVersion = 17.2.32616.157
MinimumVisualStudioVersion = 10.0.40219.1
Project("{FAE04EC0-301F-11D3-BF4B-00C04F79EFBC}") = "1002_areaDoCirculo_uri", "1002_areaDoCirculo_uri\1002_areaDoCirculo_uri.csproj", "{67951EA1-7C84-4139-B9DC-1B9DF7B627B3}"
EndProject
Global
	GlobalSection(SolutionConfigurationPlatforms) = preSolution
		Debug|Any CPU = Debug|Any CPU
		Release|Any CPU = Release|Any CPU
	EndGlobalSection
	GlobalSection(ProjectConfigurationPlatforms) = postSolution
		{67951EA1-7C84-4139-B9DC-1B9DF7B627B3}.Debug|Any CPU.ActiveCfg = Debug|Any CPU
		{67951EA1-7C84-4139-B9DC-1B9DF7B627B3}.Debug|Any CPU.Build.0 = Debug|Any CPU
		{67951EA1-7C84-4139-B9DC-1B9DF7B627B3}.Release|Any CPU.ActiveCfg = Release|Any CPU
		{67951EA1-7C84-4139-B9DC-1B9DF7B627B3}.Release|Any CPU.Build.0 = Release|Any CPU
	EndGlobalSection
	GlobalSection(SolutionProperties) = preSolution
		HideSolutionNode = FALSE
	EndGlobalSection
	GlobalSection(ExtensibilityGlobals) = postSolution
		SolutionGuid = {B7FB52E2-E44A-49C6-97A2-3461B6F93C66}
	EndGlobalSection
EndGlobal
