
Microsoft Visual Studio Solution File, Format Version 12.00
# Visual Studio Version 17
VisualStudioVersion = 17.2.32616.157
MinimumVisualStudioVersion = 10.0.40219.1
Project("{FAE04EC0-301F-11D3-BF4B-00C04F79EFBC}") = "1019_ConversãoDeTempo_uri", "1019_ConversãoDeTempo_uri\1019_ConversãoDeTempo_uri.csproj", "{CDA51A76-971D-4921-98AE-4C0954F6CD18}"
EndProject
Global
	GlobalSection(SolutionConfigurationPlatforms) = preSolution
		Debug|Any CPU = Debug|Any CPU
		Release|Any CPU = Release|Any CPU
	EndGlobalSection
	GlobalSection(ProjectConfigurationPlatforms) = postSolution
		{CDA51A76-971D-4921-98AE-4C0954F6CD18}.Debug|Any CPU.ActiveCfg = Debug|Any CPU
		{CDA51A76-971D-4921-98AE-4C0954F6CD18}.Debug|Any CPU.Build.0 = Debug|Any CPU
		{CDA51A76-971D-4921-98AE-4C0954F6CD18}.Release|Any CPU.ActiveCfg = Release|Any CPU
		{CDA51A76-971D-4921-98AE-4C0954F6CD18}.Release|Any CPU.Build.0 = Release|Any CPU
	EndGlobalSection
	GlobalSection(SolutionProperties) = preSolution
		HideSolutionNode = FALSE
	EndGlobalSection
	GlobalSection(ExtensibilityGlobals) = postSolution
		SolutionGuid = {CDD13C59-E7B1-4776-87D6-541C7864DF71}
	EndGlobalSection
EndGlobal
